// !$*UTF8*$!
{
	archiveVersion = 1;
	classes = {
	};
	objectVersion = 56;
	objects = {

/* Begin PBXBuildFile section */
		2C068171293F2BEF0085F1D3 /* UIViewController+Ext.swift in Sources */ = {isa = PBXBuildFile; fileRef = 2C068170293F2BEF0085F1D3 /* UIViewController+Ext.swift */; };
		2C115ABD29506570008B1FA6 /* SnapKit in Frameworks */ = {isa = PBXBuildFile; productRef = 2C115ABC29506570008B1FA6 /* SnapKit */; };
		2C115AC329506656008B1FA6 /* SDWebImage in Frameworks */ = {isa = PBXBuildFile; productRef = 2C115AC229506656008B1FA6 /* SDWebImage */; };
		2C16FE2D293E647100FF5BA4 /* AppDelegate.swift in Sources */ = {isa = PBXBuildFile; fileRef = 2C16FE2C293E647100FF5BA4 /* AppDelegate.swift */; };
		2C16FE2F293E647100FF5BA4 /* SceneDelegate.swift in Sources */ = {isa = PBXBuildFile; fileRef = 2C16FE2E293E647100FF5BA4 /* SceneDelegate.swift */; };
		2C16FE36293E647200FF5BA4 /* Assets.xcassets in Resources */ = {isa = PBXBuildFile; fileRef = 2C16FE35293E647200FF5BA4 /* Assets.xcassets */; };
		2C16FE39293E647200FF5BA4 /* LaunchScreen.storyboard in Resources */ = {isa = PBXBuildFile; fileRef = 2C16FE37293E647200FF5BA4 /* LaunchScreen.storyboard */; };
		2C16FE4E293E66D200FF5BA4 /* AppRouter.swift in Sources */ = {isa = PBXBuildFile; fileRef = 2C16FE4D293E66D200FF5BA4 /* AppRouter.swift */; };
		2C16FE50293E66D900FF5BA4 /* AppContainer.swift in Sources */ = {isa = PBXBuildFile; fileRef = 2C16FE4F293E66D900FF5BA4 /* AppContainer.swift */; };
		2C16FE52293E670A00FF5BA4 /* Constants.swift in Sources */ = {isa = PBXBuildFile; fileRef = 2C16FE51293E670A00FF5BA4 /* Constants.swift */; };
		2C16FE55293E676B00FF5BA4 /* HomeViewController.swift in Sources */ = {isa = PBXBuildFile; fileRef = 2C16FE54293E676B00FF5BA4 /* HomeViewController.swift */; };
		2C16FE57293E677400FF5BA4 /* DetailViewController.swift in Sources */ = {isa = PBXBuildFile; fileRef = 2C16FE56293E677400FF5BA4 /* DetailViewController.swift */; };
		2C16FE59293E677B00FF5BA4 /* FavoritesViewController.swift in Sources */ = {isa = PBXBuildFile; fileRef = 2C16FE58293E677B00FF5BA4 /* FavoritesViewController.swift */; };
		2C16FE5C293E686500FF5BA4 /* SearchViewController.swift in Sources */ = {isa = PBXBuildFile; fileRef = 2C16FE5B293E686500FF5BA4 /* SearchViewController.swift */; };
		2C16FE5E293E729800FF5BA4 /* HTTPEndpoint.swift in Sources */ = {isa = PBXBuildFile; fileRef = 2C16FE5D293E729800FF5BA4 /* HTTPEndpoint.swift */; };
		2C16FE61293E749B00FF5BA4 /* Localizable.strings in Resources */ = {isa = PBXBuildFile; fileRef = 2C16FE63293E749B00FF5BA4 /* Localizable.strings */; };
		2C16FE66293E756300FF5BA4 /* String+Ext.swift in Sources */ = {isa = PBXBuildFile; fileRef = 2C16FE65293E756300FF5BA4 /* String+Ext.swift */; };
		2C16FE69293E767700FF5BA4 /* HTTPMethod.swift in Sources */ = {isa = PBXBuildFile; fileRef = 2C16FE68293E767700FF5BA4 /* HTTPMethod.swift */; };
		2C16FE6B293E769600FF5BA4 /* Service.swift in Sources */ = {isa = PBXBuildFile; fileRef = 2C16FE6A293E769600FF5BA4 /* Service.swift */; };
		2C16FE6D293E76EE00FF5BA4 /* NetworkError.swift in Sources */ = {isa = PBXBuildFile; fileRef = 2C16FE6C293E76EE00FF5BA4 /* NetworkError.swift */; };
		2C16FE71293E79D800FF5BA4 /* NewsEndpoint.swift in Sources */ = {isa = PBXBuildFile; fileRef = 2C16FE70293E79D800FF5BA4 /* NewsEndpoint.swift */; };
		2C16FE73293E7C4600FF5BA4 /* Paths.swift in Sources */ = {isa = PBXBuildFile; fileRef = 2C16FE72293E7C4600FF5BA4 /* Paths.swift */; };
		2C16FE76293E7D9700FF5BA4 /* NetworkHelper.swift in Sources */ = {isa = PBXBuildFile; fileRef = 2C16FE75293E7D9700FF5BA4 /* NetworkHelper.swift */; };
		2C16FE79293E7E2300FF5BA4 /* NewsCategories.swift in Sources */ = {isa = PBXBuildFile; fileRef = 2C16FE78293E7E2300FF5BA4 /* NewsCategories.swift */; };
		2C16FE7B293E89A800FF5BA4 /* NewsService.swift in Sources */ = {isa = PBXBuildFile; fileRef = 2C16FE7A293E89A800FF5BA4 /* NewsService.swift */; };
		2C16FE7D293E8A0700FF5BA4 /* News.swift in Sources */ = {isa = PBXBuildFile; fileRef = 2C16FE7C293E8A0700FF5BA4 /* News.swift */; };
		2C16FE85293E8F8F00FF5BA4 /* HomeBuilder.swift in Sources */ = {isa = PBXBuildFile; fileRef = 2C16FE84293E8F8F00FF5BA4 /* HomeBuilder.swift */; };
		2C16FE87293E8F9800FF5BA4 /* HomeViewModel.swift in Sources */ = {isa = PBXBuildFile; fileRef = 2C16FE86293E8F9800FF5BA4 /* HomeViewModel.swift */; };
		2C16FE89293E8FA100FF5BA4 /* HomeContracts.swift in Sources */ = {isa = PBXBuildFile; fileRef = 2C16FE88293E8FA100FF5BA4 /* HomeContracts.swift */; };
		2C16FE8B293E8FC600FF5BA4 /* ArticlePresentation.swift in Sources */ = {isa = PBXBuildFile; fileRef = 2C16FE8A293E8FC600FF5BA4 /* ArticlePresentation.swift */; };
		2C16FE8D293E970300FF5BA4 /* HomeNewsCell.swift in Sources */ = {isa = PBXBuildFile; fileRef = 2C16FE8C293E970300FF5BA4 /* HomeNewsCell.swift */; };
		2C16FE93293E974900FF5BA4 /* NDTitleLabel.swift in Sources */ = {isa = PBXBuildFile; fileRef = 2C16FE92293E974900FF5BA4 /* NDTitleLabel.swift */; };
		2C16FE96293E984E00FF5BA4 /* NDBodyLabel.swift in Sources */ = {isa = PBXBuildFile; fileRef = 2C16FE95293E984E00FF5BA4 /* NDBodyLabel.swift */; };
		2C16FE98293E98D200FF5BA4 /* NDCellImage.swift in Sources */ = {isa = PBXBuildFile; fileRef = 2C16FE97293E98D200FF5BA4 /* NDCellImage.swift */; };
		2C69D0DA293F2FDF00DFB6B3 /* NDSecondaryLabel.swift in Sources */ = {isa = PBXBuildFile; fileRef = 2C69D0D9293F2FDF00DFB6B3 /* NDSecondaryLabel.swift */; };
		2C69D0E1293F5C5000DFB6B3 /* DetailBuilder.swift in Sources */ = {isa = PBXBuildFile; fileRef = 2C69D0E0293F5C5000DFB6B3 /* DetailBuilder.swift */; };
		2C69D0E3293F5C7B00DFB6B3 /* DetailContracts.swift in Sources */ = {isa = PBXBuildFile; fileRef = 2C69D0E2293F5C7B00DFB6B3 /* DetailContracts.swift */; };
		2C69D0E5293F5C8400DFB6B3 /* DetailViewModel.swift in Sources */ = {isa = PBXBuildFile; fileRef = 2C69D0E4293F5C8400DFB6B3 /* DetailViewModel.swift */; };
		2C69D0E7293F5C8D00DFB6B3 /* DetailPresentation.swift in Sources */ = {isa = PBXBuildFile; fileRef = 2C69D0E6293F5C8D00DFB6B3 /* DetailPresentation.swift */; };
		2C69D0EA293F752000DFB6B3 /* NDActionButton.swift in Sources */ = {isa = PBXBuildFile; fileRef = 2C69D0E9293F752000DFB6B3 /* NDActionButton.swift */; };
		2C69D0ED293F84A500DFB6B3 /* SortViewController.swift in Sources */ = {isa = PBXBuildFile; fileRef = 2C69D0EC293F84A500DFB6B3 /* SortViewController.swift */; };
		2C8A4D982949AFC6001574FE /* Array+Ext.swift in Sources */ = {isa = PBXBuildFile; fileRef = 2C8A4D972949AFC6001574FE /* Array+Ext.swift */; };
		2CC8F66829489F09000A1D9A /* SearchBuilder.swift in Sources */ = {isa = PBXBuildFile; fileRef = 2CC8F66729489F09000A1D9A /* SearchBuilder.swift */; };
		2CC8F66A29489F15000A1D9A /* SearchContracts.swift in Sources */ = {isa = PBXBuildFile; fileRef = 2CC8F66929489F15000A1D9A /* SearchContracts.swift */; };
		2CC8F66C29489F1D000A1D9A /* SearchViewModel.swift in Sources */ = {isa = PBXBuildFile; fileRef = 2CC8F66B29489F1D000A1D9A /* SearchViewModel.swift */; };
		2CC8F66F2948D3AD000A1D9A /* NDEmptyStateView.swift in Sources */ = {isa = PBXBuildFile; fileRef = 2CC8F66E2948D3AD000A1D9A /* NDEmptyStateView.swift */; };
/* End PBXBuildFile section */

/* Begin PBXFileReference section */
		2C068170293F2BEF0085F1D3 /* UIViewController+Ext.swift */ = {isa = PBXFileReference; lastKnownFileType = sourcecode.swift; path = "UIViewController+Ext.swift"; sourceTree = "<group>"; };
		2C16FE29293E647100FF5BA4 /* NewsDaily.app */ = {isa = PBXFileReference; explicitFileType = wrapper.application; includeInIndex = 0; path = NewsDaily.app; sourceTree = BUILT_PRODUCTS_DIR; };
		2C16FE2C293E647100FF5BA4 /* AppDelegate.swift */ = {isa = PBXFileReference; lastKnownFileType = sourcecode.swift; path = AppDelegate.swift; sourceTree = "<group>"; };
		2C16FE2E293E647100FF5BA4 /* SceneDelegate.swift */ = {isa = PBXFileReference; lastKnownFileType = sourcecode.swift; path = SceneDelegate.swift; sourceTree = "<group>"; };
		2C16FE35293E647200FF5BA4 /* Assets.xcassets */ = {isa = PBXFileReference; lastKnownFileType = folder.assetcatalog; path = Assets.xcassets; sourceTree = "<group>"; };
		2C16FE38293E647200FF5BA4 /* Base */ = {isa = PBXFileReference; lastKnownFileType = file.storyboard; name = Base; path = Base.lproj/LaunchScreen.storyboard; sourceTree = "<group>"; };
		2C16FE3A293E647200FF5BA4 /* Info.plist */ = {isa = PBXFileReference; lastKnownFileType = text.plist.xml; path = Info.plist; sourceTree = "<group>"; };
		2C16FE4D293E66D200FF5BA4 /* AppRouter.swift */ = {isa = PBXFileReference; lastKnownFileType = sourcecode.swift; path = AppRouter.swift; sourceTree = "<group>"; };
		2C16FE4F293E66D900FF5BA4 /* AppContainer.swift */ = {isa = PBXFileReference; lastKnownFileType = sourcecode.swift; path = AppContainer.swift; sourceTree = "<group>"; };
		2C16FE51293E670A00FF5BA4 /* Constants.swift */ = {isa = PBXFileReference; lastKnownFileType = sourcecode.swift; path = Constants.swift; sourceTree = "<group>"; };
		2C16FE54293E676B00FF5BA4 /* HomeViewController.swift */ = {isa = PBXFileReference; lastKnownFileType = sourcecode.swift; path = HomeViewController.swift; sourceTree = "<group>"; };
		2C16FE56293E677400FF5BA4 /* DetailViewController.swift */ = {isa = PBXFileReference; lastKnownFileType = sourcecode.swift; path = DetailViewController.swift; sourceTree = "<group>"; };
		2C16FE58293E677B00FF5BA4 /* FavoritesViewController.swift */ = {isa = PBXFileReference; lastKnownFileType = sourcecode.swift; path = FavoritesViewController.swift; sourceTree = "<group>"; };
		2C16FE5B293E686500FF5BA4 /* SearchViewController.swift */ = {isa = PBXFileReference; lastKnownFileType = sourcecode.swift; path = SearchViewController.swift; sourceTree = "<group>"; };
		2C16FE5D293E729800FF5BA4 /* HTTPEndpoint.swift */ = {isa = PBXFileReference; lastKnownFileType = sourcecode.swift; path = HTTPEndpoint.swift; sourceTree = "<group>"; };
		2C16FE62293E749B00FF5BA4 /* en */ = {isa = PBXFileReference; lastKnownFileType = text.plist.strings; name = en; path = en.lproj/Localizable.strings; sourceTree = "<group>"; };
		2C16FE64293E74AC00FF5BA4 /* tr */ = {isa = PBXFileReference; lastKnownFileType = text.plist.strings; name = tr; path = tr.lproj/Localizable.strings; sourceTree = "<group>"; };
		2C16FE65293E756300FF5BA4 /* String+Ext.swift */ = {isa = PBXFileReference; lastKnownFileType = sourcecode.swift; path = "String+Ext.swift"; sourceTree = "<group>"; };
		2C16FE68293E767700FF5BA4 /* HTTPMethod.swift */ = {isa = PBXFileReference; lastKnownFileType = sourcecode.swift; path = HTTPMethod.swift; sourceTree = "<group>"; };
		2C16FE6A293E769600FF5BA4 /* Service.swift */ = {isa = PBXFileReference; lastKnownFileType = sourcecode.swift; path = Service.swift; sourceTree = "<group>"; };
		2C16FE6C293E76EE00FF5BA4 /* NetworkError.swift */ = {isa = PBXFileReference; lastKnownFileType = sourcecode.swift; path = NetworkError.swift; sourceTree = "<group>"; };
		2C16FE70293E79D800FF5BA4 /* NewsEndpoint.swift */ = {isa = PBXFileReference; lastKnownFileType = sourcecode.swift; path = NewsEndpoint.swift; sourceTree = "<group>"; };
		2C16FE72293E7C4600FF5BA4 /* Paths.swift */ = {isa = PBXFileReference; lastKnownFileType = sourcecode.swift; path = Paths.swift; sourceTree = "<group>"; };
		2C16FE75293E7D9700FF5BA4 /* NetworkHelper.swift */ = {isa = PBXFileReference; lastKnownFileType = sourcecode.swift; path = NetworkHelper.swift; sourceTree = "<group>"; };
		2C16FE78293E7E2300FF5BA4 /* NewsCategories.swift */ = {isa = PBXFileReference; lastKnownFileType = sourcecode.swift; path = NewsCategories.swift; sourceTree = "<group>"; };
		2C16FE7A293E89A800FF5BA4 /* NewsService.swift */ = {isa = PBXFileReference; lastKnownFileType = sourcecode.swift; path = NewsService.swift; sourceTree = "<group>"; };
		2C16FE7C293E8A0700FF5BA4 /* News.swift */ = {isa = PBXFileReference; lastKnownFileType = sourcecode.swift; path = News.swift; sourceTree = "<group>"; };
		2C16FE84293E8F8F00FF5BA4 /* HomeBuilder.swift */ = {isa = PBXFileReference; lastKnownFileType = sourcecode.swift; path = HomeBuilder.swift; sourceTree = "<group>"; };
		2C16FE86293E8F9800FF5BA4 /* HomeViewModel.swift */ = {isa = PBXFileReference; lastKnownFileType = sourcecode.swift; path = HomeViewModel.swift; sourceTree = "<group>"; };
		2C16FE88293E8FA100FF5BA4 /* HomeContracts.swift */ = {isa = PBXFileReference; lastKnownFileType = sourcecode.swift; path = HomeContracts.swift; sourceTree = "<group>"; };
		2C16FE8A293E8FC600FF5BA4 /* ArticlePresentation.swift */ = {isa = PBXFileReference; lastKnownFileType = sourcecode.swift; path = ArticlePresentation.swift; sourceTree = "<group>"; };
		2C16FE8C293E970300FF5BA4 /* HomeNewsCell.swift */ = {isa = PBXFileReference; lastKnownFileType = sourcecode.swift; path = HomeNewsCell.swift; sourceTree = "<group>"; };
		2C16FE92293E974900FF5BA4 /* NDTitleLabel.swift */ = {isa = PBXFileReference; lastKnownFileType = sourcecode.swift; path = NDTitleLabel.swift; sourceTree = "<group>"; };
		2C16FE95293E984E00FF5BA4 /* NDBodyLabel.swift */ = {isa = PBXFileReference; lastKnownFileType = sourcecode.swift; path = NDBodyLabel.swift; sourceTree = "<group>"; };
		2C16FE97293E98D200FF5BA4 /* NDCellImage.swift */ = {isa = PBXFileReference; lastKnownFileType = sourcecode.swift; path = NDCellImage.swift; sourceTree = "<group>"; };
		2C69D0D9293F2FDF00DFB6B3 /* NDSecondaryLabel.swift */ = {isa = PBXFileReference; lastKnownFileType = sourcecode.swift; path = NDSecondaryLabel.swift; sourceTree = "<group>"; };
		2C69D0E0293F5C5000DFB6B3 /* DetailBuilder.swift */ = {isa = PBXFileReference; lastKnownFileType = sourcecode.swift; path = DetailBuilder.swift; sourceTree = "<group>"; };
		2C69D0E2293F5C7B00DFB6B3 /* DetailContracts.swift */ = {isa = PBXFileReference; lastKnownFileType = sourcecode.swift; path = DetailContracts.swift; sourceTree = "<group>"; };
		2C69D0E4293F5C8400DFB6B3 /* DetailViewModel.swift */ = {isa = PBXFileReference; lastKnownFileType = sourcecode.swift; path = DetailViewModel.swift; sourceTree = "<group>"; };
		2C69D0E6293F5C8D00DFB6B3 /* DetailPresentation.swift */ = {isa = PBXFileReference; lastKnownFileType = sourcecode.swift; path = DetailPresentation.swift; sourceTree = "<group>"; };
		2C69D0E9293F752000DFB6B3 /* NDActionButton.swift */ = {isa = PBXFileReference; lastKnownFileType = sourcecode.swift; path = NDActionButton.swift; sourceTree = "<group>"; };
		2C69D0EC293F84A500DFB6B3 /* SortViewController.swift */ = {isa = PBXFileReference; lastKnownFileType = sourcecode.swift; path = SortViewController.swift; sourceTree = "<group>"; };
		2C8A4D972949AFC6001574FE /* Array+Ext.swift */ = {isa = PBXFileReference; lastKnownFileType = sourcecode.swift; path = "Array+Ext.swift"; sourceTree = "<group>"; };
		2CC8F66729489F09000A1D9A /* SearchBuilder.swift */ = {isa = PBXFileReference; lastKnownFileType = sourcecode.swift; path = SearchBuilder.swift; sourceTree = "<group>"; };
		2CC8F66929489F15000A1D9A /* SearchContracts.swift */ = {isa = PBXFileReference; lastKnownFileType = sourcecode.swift; path = SearchContracts.swift; sourceTree = "<group>"; };
		2CC8F66B29489F1D000A1D9A /* SearchViewModel.swift */ = {isa = PBXFileReference; lastKnownFileType = sourcecode.swift; path = SearchViewModel.swift; sourceTree = "<group>"; };
		2CC8F66E2948D3AD000A1D9A /* NDEmptyStateView.swift */ = {isa = PBXFileReference; lastKnownFileType = sourcecode.swift; path = NDEmptyStateView.swift; sourceTree = "<group>"; };
/* End PBXFileReference section */

/* Begin PBXFrameworksBuildPhase section */
		2C16FE26293E647100FF5BA4 /* Frameworks */ = {
			isa = PBXFrameworksBuildPhase;
			buildActionMask = 2147483647;
			files = (
				2C115AC329506656008B1FA6 /* SDWebImage in Frameworks */,
				2C115ABD29506570008B1FA6 /* SnapKit in Frameworks */,
			);
			runOnlyForDeploymentPostprocessing = 0;
		};
/* End PBXFrameworksBuildPhase section */

/* Begin PBXGroup section */
		2C06816C293F2B4D0085F1D3 /* Protocols */ = {
			isa = PBXGroup;
			children = (
			);
			path = Protocols;
			sourceTree = "<group>";
		};
		2C16FE20293E647100FF5BA4 = {
			isa = PBXGroup;
			children = (
				2C16FE2B293E647100FF5BA4 /* NewsDaily */,
				2C16FE2A293E647100FF5BA4 /* Products */,
			);
			sourceTree = "<group>";
		};
		2C16FE2A293E647100FF5BA4 /* Products */ = {
			isa = PBXGroup;
			children = (
				2C16FE29293E647100FF5BA4 /* NewsDaily.app */,
			);
			name = Products;
			sourceTree = "<group>";
		};
		2C16FE2B293E647100FF5BA4 /* NewsDaily */ = {
			isa = PBXGroup;
			children = (
				2C16FE4C293E66CA00FF5BA4 /* App */,
				2C16FE49293E66A300FF5BA4 /* Helper */,
				2C16FE48293E669E00FF5BA4 /* Extensions */,
				2C16FE47293E669900FF5BA4 /* Networking */,
				2C16FE45293E65D400FF5BA4 /* Model */,
				2C16FE46293E65D700FF5BA4 /* Custom Views */,
				2C16FE44293E65D000FF5BA4 /* Scenes */,
				2C16FE43293E65C900FF5BA4 /* Core */,
				2C16FE3A293E647200FF5BA4 /* Info.plist */,
				2C16FE63293E749B00FF5BA4 /* Localizable.strings */,
			);
			path = NewsDaily;
			sourceTree = "<group>";
		};
		2C16FE43293E65C900FF5BA4 /* Core */ = {
			isa = PBXGroup;
			children = (
				2C16FE2C293E647100FF5BA4 /* AppDelegate.swift */,
				2C16FE2E293E647100FF5BA4 /* SceneDelegate.swift */,
				2C16FE35293E647200FF5BA4 /* Assets.xcassets */,
				2C16FE37293E647200FF5BA4 /* LaunchScreen.storyboard */,
			);
			path = Core;
			sourceTree = "<group>";
		};
		2C16FE44293E65D000FF5BA4 /* Scenes */ = {
			isa = PBXGroup;
			children = (
				2C16FE4A293E66AC00FF5BA4 /* Home */,
				2C16FE4B293E66B500FF5BA4 /* Detail */,
				2C16FE5A293E685100FF5BA4 /* Search */,
				2C16FE53293E673800FF5BA4 /* Favorites */,
			);
			path = Scenes;
			sourceTree = "<group>";
		};
		2C16FE45293E65D400FF5BA4 /* Model */ = {
			isa = PBXGroup;
			children = (
				2C16FE7C293E8A0700FF5BA4 /* News.swift */,
			);
			path = Model;
			sourceTree = "<group>";
		};
		2C16FE46293E65D700FF5BA4 /* Custom Views */ = {
			isa = PBXGroup;
			children = (
				2CC8F66D2948D3A3000A1D9A /* Views */,
				2C69D0E8293F751000DFB6B3 /* Buttons */,
				2C16FE90293E973100FF5BA4 /* Image Views */,
				2C16FE8F293E972D00FF5BA4 /* Labels */,
				2C16FE8E293E970900FF5BA4 /* Cells */,
			);
			path = "Custom Views";
			sourceTree = "<group>";
		};
		2C16FE47293E669900FF5BA4 /* Networking */ = {
			isa = PBXGroup;
			children = (
				2C16FE67293E766A00FF5BA4 /* Base */,
				2C16FE6E293E796800FF5BA4 /* Services */,
			);
			path = Networking;
			sourceTree = "<group>";
		};
		2C16FE48293E669E00FF5BA4 /* Extensions */ = {
			isa = PBXGroup;
			children = (
				2C16FE65293E756300FF5BA4 /* String+Ext.swift */,
				2C068170293F2BEF0085F1D3 /* UIViewController+Ext.swift */,
				2C8A4D972949AFC6001574FE /* Array+Ext.swift */,
			);
			path = Extensions;
			sourceTree = "<group>";
		};
		2C16FE49293E66A300FF5BA4 /* Helper */ = {
			isa = PBXGroup;
			children = (
				2C06816C293F2B4D0085F1D3 /* Protocols */,
				2C16FE51293E670A00FF5BA4 /* Constants.swift */,
			);
			path = Helper;
			sourceTree = "<group>";
		};
		2C16FE4A293E66AC00FF5BA4 /* Home */ = {
			isa = PBXGroup;
			children = (
				2C16FE84293E8F8F00FF5BA4 /* HomeBuilder.swift */,
				2C16FE88293E8FA100FF5BA4 /* HomeContracts.swift */,
				2C16FE54293E676B00FF5BA4 /* HomeViewController.swift */,
				2C16FE86293E8F9800FF5BA4 /* HomeViewModel.swift */,
				2C16FE8A293E8FC600FF5BA4 /* ArticlePresentation.swift */,
				2C69D0EB293F848400DFB6B3 /* Sort Page */,
			);
			path = Home;
			sourceTree = "<group>";
		};
		2C16FE4B293E66B500FF5BA4 /* Detail */ = {
			isa = PBXGroup;
			children = (
				2C69D0E0293F5C5000DFB6B3 /* DetailBuilder.swift */,
				2C69D0E2293F5C7B00DFB6B3 /* DetailContracts.swift */,
				2C16FE56293E677400FF5BA4 /* DetailViewController.swift */,
				2C69D0E4293F5C8400DFB6B3 /* DetailViewModel.swift */,
				2C69D0E6293F5C8D00DFB6B3 /* DetailPresentation.swift */,
			);
			path = Detail;
			sourceTree = "<group>";
		};
		2C16FE4C293E66CA00FF5BA4 /* App */ = {
			isa = PBXGroup;
			children = (
				2C16FE4D293E66D200FF5BA4 /* AppRouter.swift */,
				2C16FE4F293E66D900FF5BA4 /* AppContainer.swift */,
			);
			path = App;
			sourceTree = "<group>";
		};
		2C16FE53293E673800FF5BA4 /* Favorites */ = {
			isa = PBXGroup;
			children = (
				2C16FE58293E677B00FF5BA4 /* FavoritesViewController.swift */,
			);
			path = Favorites;
			sourceTree = "<group>";
		};
		2C16FE5A293E685100FF5BA4 /* Search */ = {
			isa = PBXGroup;
			children = (
				2CC8F66729489F09000A1D9A /* SearchBuilder.swift */,
				2CC8F66929489F15000A1D9A /* SearchContracts.swift */,
				2C16FE5B293E686500FF5BA4 /* SearchViewController.swift */,
				2CC8F66B29489F1D000A1D9A /* SearchViewModel.swift */,
			);
			path = Search;
			sourceTree = "<group>";
		};
		2C16FE67293E766A00FF5BA4 /* Base */ = {
			isa = PBXGroup;
			children = (
				2C16FE7E293E8A6F00FF5BA4 /* Settings */,
				2C16FE74293E7D8900FF5BA4 /* Core Service */,
			);
			path = Base;
			sourceTree = "<group>";
		};
		2C16FE6E293E796800FF5BA4 /* Services */ = {
			isa = PBXGroup;
			children = (
				2C16FE77293E7E1B00FF5BA4 /* News */,
			);
			path = Services;
			sourceTree = "<group>";
		};
		2C16FE74293E7D8900FF5BA4 /* Core Service */ = {
			isa = PBXGroup;
			children = (
				2C16FE6C293E76EE00FF5BA4 /* NetworkError.swift */,
				2C16FE75293E7D9700FF5BA4 /* NetworkHelper.swift */,
				2C16FE6A293E769600FF5BA4 /* Service.swift */,
			);
			path = "Core Service";
			sourceTree = "<group>";
		};
		2C16FE77293E7E1B00FF5BA4 /* News */ = {
			isa = PBXGroup;
			children = (
				2C16FE78293E7E2300FF5BA4 /* NewsCategories.swift */,
				2C16FE70293E79D800FF5BA4 /* NewsEndpoint.swift */,
				2C16FE7A293E89A800FF5BA4 /* NewsService.swift */,
			);
			path = News;
			sourceTree = "<group>";
		};
		2C16FE7E293E8A6F00FF5BA4 /* Settings */ = {
			isa = PBXGroup;
			children = (
				2C16FE68293E767700FF5BA4 /* HTTPMethod.swift */,
				2C16FE5D293E729800FF5BA4 /* HTTPEndpoint.swift */,
				2C16FE72293E7C4600FF5BA4 /* Paths.swift */,
			);
			path = Settings;
			sourceTree = "<group>";
		};
		2C16FE8E293E970900FF5BA4 /* Cells */ = {
			isa = PBXGroup;
			children = (
				2C16FE8C293E970300FF5BA4 /* HomeNewsCell.swift */,
			);
			path = Cells;
			sourceTree = "<group>";
		};
		2C16FE8F293E972D00FF5BA4 /* Labels */ = {
			isa = PBXGroup;
			children = (
				2C16FE92293E974900FF5BA4 /* NDTitleLabel.swift */,
				2C16FE95293E984E00FF5BA4 /* NDBodyLabel.swift */,
				2C69D0D9293F2FDF00DFB6B3 /* NDSecondaryLabel.swift */,
			);
			path = Labels;
			sourceTree = "<group>";
		};
		2C16FE90293E973100FF5BA4 /* Image Views */ = {
			isa = PBXGroup;
			children = (
				2C16FE97293E98D200FF5BA4 /* NDCellImage.swift */,
			);
			path = "Image Views";
			sourceTree = "<group>";
		};
		2C69D0E8293F751000DFB6B3 /* Buttons */ = {
			isa = PBXGroup;
			children = (
				2C69D0E9293F752000DFB6B3 /* NDActionButton.swift */,
			);
			path = Buttons;
			sourceTree = "<group>";
		};
		2C69D0EB293F848400DFB6B3 /* Sort Page */ = {
			isa = PBXGroup;
			children = (
				2C69D0EC293F84A500DFB6B3 /* SortViewController.swift */,
			);
			path = "Sort Page";
			sourceTree = "<group>";
		};
		2CC8F66D2948D3A3000A1D9A /* Views */ = {
			isa = PBXGroup;
			children = (
				2CC8F66E2948D3AD000A1D9A /* NDEmptyStateView.swift */,
			);
			path = Views;
			sourceTree = "<group>";
		};
/* End PBXGroup section */

/* Begin PBXNativeTarget section */
		2C16FE28293E647100FF5BA4 /* NewsDaily */ = {
			isa = PBXNativeTarget;
			buildConfigurationList = 2C16FE3D293E647200FF5BA4 /* Build configuration list for PBXNativeTarget "NewsDaily" */;
			buildPhases = (
				2C16FE25293E647100FF5BA4 /* Sources */,
				2C16FE26293E647100FF5BA4 /* Frameworks */,
				2C16FE27293E647100FF5BA4 /* Resources */,
			);
			buildRules = (
			);
			dependencies = (
			);
			name = NewsDaily;
			packageProductDependencies = (
				2C115ABC29506570008B1FA6 /* SnapKit */,
				2C115AC229506656008B1FA6 /* SDWebImage */,
			);
			productName = NewsDaily;
			productReference = 2C16FE29293E647100FF5BA4 /* NewsDaily.app */;
			productType = "com.apple.product-type.application";
		};
/* End PBXNativeTarget section */

/* Begin PBXProject section */
		2C16FE21293E647100FF5BA4 /* Project object */ = {
			isa = PBXProject;
			attributes = {
				BuildIndependentTargetsInParallel = 1;
				LastSwiftUpdateCheck = 1410;
				LastUpgradeCheck = 1410;
				TargetAttributes = {
					2C16FE28293E647100FF5BA4 = {
						CreatedOnToolsVersion = 14.1;
					};
				};
			};
			buildConfigurationList = 2C16FE24293E647100FF5BA4 /* Build configuration list for PBXProject "NewsDaily" */;
			compatibilityVersion = "Xcode 14.0";
			developmentRegion = en;
			hasScannedForEncodings = 0;
			knownRegions = (
				en,
				Base,
				tr,
			);
			mainGroup = 2C16FE20293E647100FF5BA4;
			packageReferences = (
				2C115ABB29506570008B1FA6 /* XCRemoteSwiftPackageReference "SnapKit" */,
				2C115AC129506656008B1FA6 /* XCRemoteSwiftPackageReference "SDWebImage" */,
			);
			productRefGroup = 2C16FE2A293E647100FF5BA4 /* Products */;
			projectDirPath = "";
			projectRoot = "";
			targets = (
				2C16FE28293E647100FF5BA4 /* NewsDaily */,
			);
		};
/* End PBXProject section */

/* Begin PBXResourcesBuildPhase section */
		2C16FE27293E647100FF5BA4 /* Resources */ = {
			isa = PBXResourcesBuildPhase;
			buildActionMask = 2147483647;
			files = (
				2C16FE39293E647200FF5BA4 /* LaunchScreen.storyboard in Resources */,
				2C16FE61293E749B00FF5BA4 /* Localizable.strings in Resources */,
				2C16FE36293E647200FF5BA4 /* Assets.xcassets in Resources */,
			);
			runOnlyForDeploymentPostprocessing = 0;
		};
/* End PBXResourcesBuildPhase section */

/* Begin PBXSourcesBuildPhase section */
		2C16FE25293E647100FF5BA4 /* Sources */ = {
			isa = PBXSourcesBuildPhase;
			buildActionMask = 2147483647;
			files = (
				2C16FE98293E98D200FF5BA4 /* NDCellImage.swift in Sources */,
				2C16FE52293E670A00FF5BA4 /* Constants.swift in Sources */,
				2C69D0E3293F5C7B00DFB6B3 /* DetailContracts.swift in Sources */,
				2C16FE93293E974900FF5BA4 /* NDTitleLabel.swift in Sources */,
				2C068171293F2BEF0085F1D3 /* UIViewController+Ext.swift in Sources */,
				2C16FE6D293E76EE00FF5BA4 /* NetworkError.swift in Sources */,
				2CC8F66F2948D3AD000A1D9A /* NDEmptyStateView.swift in Sources */,
				2C16FE6B293E769600FF5BA4 /* Service.swift in Sources */,
				2C16FE2D293E647100FF5BA4 /* AppDelegate.swift in Sources */,
				2C16FE5E293E729800FF5BA4 /* HTTPEndpoint.swift in Sources */,
				2C16FE7B293E89A800FF5BA4 /* NewsService.swift in Sources */,
				2C16FE59293E677B00FF5BA4 /* FavoritesViewController.swift in Sources */,
				2C16FE79293E7E2300FF5BA4 /* NewsCategories.swift in Sources */,
				2C69D0E1293F5C5000DFB6B3 /* DetailBuilder.swift in Sources */,
				2C69D0DA293F2FDF00DFB6B3 /* NDSecondaryLabel.swift in Sources */,
				2C69D0ED293F84A500DFB6B3 /* SortViewController.swift in Sources */,
				2C16FE73293E7C4600FF5BA4 /* Paths.swift in Sources */,
				2C16FE71293E79D800FF5BA4 /* NewsEndpoint.swift in Sources */,
				2C16FE5C293E686500FF5BA4 /* SearchViewController.swift in Sources */,
				2CC8F66C29489F1D000A1D9A /* SearchViewModel.swift in Sources */,
				2C16FE50293E66D900FF5BA4 /* AppContainer.swift in Sources */,
				2C16FE76293E7D9700FF5BA4 /* NetworkHelper.swift in Sources */,
				2C16FE2F293E647100FF5BA4 /* SceneDelegate.swift in Sources */,
				2CC8F66829489F09000A1D9A /* SearchBuilder.swift in Sources */,
				2C69D0E7293F5C8D00DFB6B3 /* DetailPresentation.swift in Sources */,
				2C16FE4E293E66D200FF5BA4 /* AppRouter.swift in Sources */,
				2C69D0E5293F5C8400DFB6B3 /* DetailViewModel.swift in Sources */,
				2C8A4D982949AFC6001574FE /* Array+Ext.swift in Sources */,
				2C16FE69293E767700FF5BA4 /* HTTPMethod.swift in Sources */,
				2C16FE55293E676B00FF5BA4 /* HomeViewController.swift in Sources */,
				2CC8F66A29489F15000A1D9A /* SearchContracts.swift in Sources */,
				2C16FE87293E8F9800FF5BA4 /* HomeViewModel.swift in Sources */,
				2C16FE89293E8FA100FF5BA4 /* HomeContracts.swift in Sources */,
				2C16FE8D293E970300FF5BA4 /* HomeNewsCell.swift in Sources */,
				2C16FE57293E677400FF5BA4 /* DetailViewController.swift in Sources */,
				2C16FE8B293E8FC600FF5BA4 /* ArticlePresentation.swift in Sources */,
				2C69D0EA293F752000DFB6B3 /* NDActionButton.swift in Sources */,
				2C16FE85293E8F8F00FF5BA4 /* HomeBuilder.swift in Sources */,
				2C16FE7D293E8A0700FF5BA4 /* News.swift in Sources */,
				2C16FE66293E756300FF5BA4 /* String+Ext.swift in Sources */,
				2C16FE96293E984E00FF5BA4 /* NDBodyLabel.swift in Sources */,
			);
			runOnlyForDeploymentPostprocessing = 0;
		};
/* End PBXSourcesBuildPhase section */

/* Begin PBXVariantGroup section */
		2C16FE37293E647200FF5BA4 /* LaunchScreen.storyboard */ = {
			isa = PBXVariantGroup;
			children = (
				2C16FE38293E647200FF5BA4 /* Base */,
			);
			name = LaunchScreen.storyboard;
			sourceTree = "<group>";
		};
		2C16FE63293E749B00FF5BA4 /* Localizable.strings */ = {
			isa = PBXVariantGroup;
			children = (
				2C16FE62293E749B00FF5BA4 /* en */,
				2C16FE64293E74AC00FF5BA4 /* tr */,
			);
			name = Localizable.strings;
			sourceTree = "<group>";
		};
/* End PBXVariantGroup section */

/* Begin XCBuildConfiguration section */
		2C16FE3B293E647200FF5BA4 /* Debug */ = {
			isa = XCBuildConfiguration;
			buildSettings = {
				ALWAYS_SEARCH_USER_PATHS = NO;
				CLANG_ANALYZER_LOCALIZABILITY_NONLOCALIZED = YES;
				CLANG_ANALYZER_NONNULL = YES;
				CLANG_ANALYZER_NUMBER_OBJECT_CONVERSION = YES_AGGRESSIVE;
				CLANG_CXX_LANGUAGE_STANDARD = "gnu++20";
				CLANG_ENABLE_MODULES = YES;
				CLANG_ENABLE_OBJC_ARC = YES;
				CLANG_ENABLE_OBJC_WEAK = YES;
				CLANG_WARN_BLOCK_CAPTURE_AUTORELEASING = YES;
				CLANG_WARN_BOOL_CONVERSION = YES;
				CLANG_WARN_COMMA = YES;
				CLANG_WARN_CONSTANT_CONVERSION = YES;
				CLANG_WARN_DEPRECATED_OBJC_IMPLEMENTATIONS = YES;
				CLANG_WARN_DIRECT_OBJC_ISA_USAGE = YES_ERROR;
				CLANG_WARN_DOCUMENTATION_COMMENTS = YES;
				CLANG_WARN_EMPTY_BODY = YES;
				CLANG_WARN_ENUM_CONVERSION = YES;
				CLANG_WARN_INFINITE_RECURSION = YES;
				CLANG_WARN_INT_CONVERSION = YES;
				CLANG_WARN_NON_LITERAL_NULL_CONVERSION = YES;
				CLANG_WARN_OBJC_IMPLICIT_RETAIN_SELF = YES;
				CLANG_WARN_OBJC_LITERAL_CONVERSION = YES;
				CLANG_WARN_OBJC_ROOT_CLASS = YES_ERROR;
				CLANG_WARN_QUOTED_INCLUDE_IN_FRAMEWORK_HEADER = YES;
				CLANG_WARN_RANGE_LOOP_ANALYSIS = YES;
				CLANG_WARN_STRICT_PROTOTYPES = YES;
				CLANG_WARN_SUSPICIOUS_MOVE = YES;
				CLANG_WARN_UNGUARDED_AVAILABILITY = YES_AGGRESSIVE;
				CLANG_WARN_UNREACHABLE_CODE = YES;
				CLANG_WARN__DUPLICATE_METHOD_MATCH = YES;
				COPY_PHASE_STRIP = NO;
				DEBUG_INFORMATION_FORMAT = dwarf;
				ENABLE_STRICT_OBJC_MSGSEND = YES;
				ENABLE_TESTABILITY = YES;
				GCC_C_LANGUAGE_STANDARD = gnu11;
				GCC_DYNAMIC_NO_PIC = NO;
				GCC_NO_COMMON_BLOCKS = YES;
				GCC_OPTIMIZATION_LEVEL = 0;
				GCC_PREPROCESSOR_DEFINITIONS = (
					"DEBUG=1",
					"$(inherited)",
				);
				GCC_WARN_64_TO_32_BIT_CONVERSION = YES;
				GCC_WARN_ABOUT_RETURN_TYPE = YES_ERROR;
				GCC_WARN_UNDECLARED_SELECTOR = YES;
				GCC_WARN_UNINITIALIZED_AUTOS = YES_AGGRESSIVE;
				GCC_WARN_UNUSED_FUNCTION = YES;
				GCC_WARN_UNUSED_VARIABLE = YES;
				IPHONEOS_DEPLOYMENT_TARGET = 16.1;
				MTL_ENABLE_DEBUG_INFO = INCLUDE_SOURCE;
				MTL_FAST_MATH = YES;
				ONLY_ACTIVE_ARCH = YES;
				SDKROOT = iphoneos;
				SWIFT_ACTIVE_COMPILATION_CONDITIONS = DEBUG;
				SWIFT_OPTIMIZATION_LEVEL = "-Onone";
			};
			name = Debug;
		};
		2C16FE3C293E647200FF5BA4 /* Release */ = {
			isa = XCBuildConfiguration;
			buildSettings = {
				ALWAYS_SEARCH_USER_PATHS = NO;
				CLANG_ANALYZER_LOCALIZABILITY_NONLOCALIZED = YES;
				CLANG_ANALYZER_NONNULL = YES;
				CLANG_ANALYZER_NUMBER_OBJECT_CONVERSION = YES_AGGRESSIVE;
				CLANG_CXX_LANGUAGE_STANDARD = "gnu++20";
				CLANG_ENABLE_MODULES = YES;
				CLANG_ENABLE_OBJC_ARC = YES;
				CLANG_ENABLE_OBJC_WEAK = YES;
				CLANG_WARN_BLOCK_CAPTURE_AUTORELEASING = YES;
				CLANG_WARN_BOOL_CONVERSION = YES;
				CLANG_WARN_COMMA = YES;
				CLANG_WARN_CONSTANT_CONVERSION = YES;
				CLANG_WARN_DEPRECATED_OBJC_IMPLEMENTATIONS = YES;
				CLANG_WARN_DIRECT_OBJC_ISA_USAGE = YES_ERROR;
				CLANG_WARN_DOCUMENTATION_COMMENTS = YES;
				CLANG_WARN_EMPTY_BODY = YES;
				CLANG_WARN_ENUM_CONVERSION = YES;
				CLANG_WARN_INFINITE_RECURSION = YES;
				CLANG_WARN_INT_CONVERSION = YES;
				CLANG_WARN_NON_LITERAL_NULL_CONVERSION = YES;
				CLANG_WARN_OBJC_IMPLICIT_RETAIN_SELF = YES;
				CLANG_WARN_OBJC_LITERAL_CONVERSION = YES;
				CLANG_WARN_OBJC_ROOT_CLASS = YES_ERROR;
				CLANG_WARN_QUOTED_INCLUDE_IN_FRAMEWORK_HEADER = YES;
				CLANG_WARN_RANGE_LOOP_ANALYSIS = YES;
				CLANG_WARN_STRICT_PROTOTYPES = YES;
				CLANG_WARN_SUSPICIOUS_MOVE = YES;
				CLANG_WARN_UNGUARDED_AVAILABILITY = YES_AGGRESSIVE;
				CLANG_WARN_UNREACHABLE_CODE = YES;
				CLANG_WARN__DUPLICATE_METHOD_MATCH = YES;
				COPY_PHASE_STRIP = NO;
				DEBUG_INFORMATION_FORMAT = "dwarf-with-dsym";
				ENABLE_NS_ASSERTIONS = NO;
				ENABLE_STRICT_OBJC_MSGSEND = YES;
				GCC_C_LANGUAGE_STANDARD = gnu11;
				GCC_NO_COMMON_BLOCKS = YES;
				GCC_WARN_64_TO_32_BIT_CONVERSION = YES;
				GCC_WARN_ABOUT_RETURN_TYPE = YES_ERROR;
				GCC_WARN_UNDECLARED_SELECTOR = YES;
				GCC_WARN_UNINITIALIZED_AUTOS = YES_AGGRESSIVE;
				GCC_WARN_UNUSED_FUNCTION = YES;
				GCC_WARN_UNUSED_VARIABLE = YES;
				IPHONEOS_DEPLOYMENT_TARGET = 16.1;
				MTL_ENABLE_DEBUG_INFO = NO;
				MTL_FAST_MATH = YES;
				SDKROOT = iphoneos;
				SWIFT_COMPILATION_MODE = wholemodule;
				SWIFT_OPTIMIZATION_LEVEL = "-O";
				VALIDATE_PRODUCT = YES;
			};
			name = Release;
		};
		2C16FE3E293E647200FF5BA4 /* Debug */ = {
			isa = XCBuildConfiguration;
			buildSettings = {
				ASSETCATALOG_COMPILER_APPICON_NAME = AppIcon;
				ASSETCATALOG_COMPILER_GLOBAL_ACCENT_COLOR_NAME = AccentColor;
				CODE_SIGN_STYLE = Automatic;
				CURRENT_PROJECT_VERSION = 1;
				DEVELOPMENT_TEAM = 49Z33V7QZW;
				GENERATE_INFOPLIST_FILE = YES;
				INFOPLIST_FILE = NewsDaily/Info.plist;
				INFOPLIST_KEY_CFBundleDisplayName = "News Daily";
				INFOPLIST_KEY_UIApplicationSupportsIndirectInputEvents = YES;
				INFOPLIST_KEY_UILaunchStoryboardName = LaunchScreen;
				INFOPLIST_KEY_UIMainStoryboardFile = "";
				INFOPLIST_KEY_UISupportedInterfaceOrientations = UIInterfaceOrientationPortrait;
				INFOPLIST_KEY_UISupportedInterfaceOrientations_iPad = "UIInterfaceOrientationLandscapeLeft UIInterfaceOrientationLandscapeRight UIInterfaceOrientationPortrait UIInterfaceOrientationPortraitUpsideDown";
				IPHONEOS_DEPLOYMENT_TARGET = 13.0;
				LD_RUNPATH_SEARCH_PATHS = (
					"$(inherited)",
					"@executable_path/Frameworks",
				);
				MARKETING_VERSION = 1.0;
				PRODUCT_BUNDLE_IDENTIFIER = com.sameddagl.NewsDaily;
				PRODUCT_NAME = "$(TARGET_NAME)";
				SUPPORTED_PLATFORMS = "iphoneos iphonesimulator";
				SUPPORTS_MACCATALYST = NO;
				SUPPORTS_MAC_DESIGNED_FOR_IPHONE_IPAD = NO;
				SWIFT_EMIT_LOC_STRINGS = YES;
				SWIFT_VERSION = 5.0;
				TARGETED_DEVICE_FAMILY = 1;
			};
			name = Debug;
		};
		2C16FE3F293E647200FF5BA4 /* Release */ = {
			isa = XCBuildConfiguration;
			buildSettings = {
				ASSETCATALOG_COMPILER_APPICON_NAME = AppIcon;
				ASSETCATALOG_COMPILER_GLOBAL_ACCENT_COLOR_NAME = AccentColor;
				CODE_SIGN_STYLE = Automatic;
				CURRENT_PROJECT_VERSION = 1;
				DEVELOPMENT_TEAM = 49Z33V7QZW;
				GENERATE_INFOPLIST_FILE = YES;
				INFOPLIST_FILE = NewsDaily/Info.plist;
				INFOPLIST_KEY_CFBundleDisplayName = "News Daily";
				INFOPLIST_KEY_UIApplicationSupportsIndirectInputEvents = YES;
				INFOPLIST_KEY_UILaunchStoryboardName = LaunchScreen;
				INFOPLIST_KEY_UIMainStoryboardFile = "";
				INFOPLIST_KEY_UISupportedInterfaceOrientations = UIInterfaceOrientationPortrait;
				INFOPLIST_KEY_UISupportedInterfaceOrientations_iPad = "UIInterfaceOrientationLandscapeLeft UIInterfaceOrientationLandscapeRight UIInterfaceOrientationPortrait UIInterfaceOrientationPortraitUpsideDown";
				IPHONEOS_DEPLOYMENT_TARGET = 13.0;
				LD_RUNPATH_SEARCH_PATHS = (
					"$(inherited)",
					"@executable_path/Frameworks",
				);
				MARKETING_VERSION = 1.0;
				PRODUCT_BUNDLE_IDENTIFIER = com.sameddagl.NewsDaily;
				PRODUCT_NAME = "$(TARGET_NAME)";
				SUPPORTED_PLATFORMS = "iphoneos iphonesimulator";
				SUPPORTS_MACCATALYST = NO;
				SUPPORTS_MAC_DESIGNED_FOR_IPHONE_IPAD = NO;
				SWIFT_EMIT_LOC_STRINGS = YES;
				SWIFT_VERSION = 5.0;
				TARGETED_DEVICE_FAMILY = 1;
			};
			name = Release;
		};
/* End XCBuildConfiguration section */

/* Begin XCConfigurationList section */
		2C16FE24293E647100FF5BA4 /* Build configuration list for PBXProject "NewsDaily" */ = {
			isa = XCConfigurationList;
			buildConfigurations = (
				2C16FE3B293E647200FF5BA4 /* Debug */,
				2C16FE3C293E647200FF5BA4 /* Release */,
			);
			defaultConfigurationIsVisible = 0;
			defaultConfigurationName = Release;
		};
		2C16FE3D293E647200FF5BA4 /* Build configuration list for PBXNativeTarget "NewsDaily" */ = {
			isa = XCConfigurationList;
			buildConfigurations = (
				2C16FE3E293E647200FF5BA4 /* Debug */,
				2C16FE3F293E647200FF5BA4 /* Release */,
			);
			defaultConfigurationIsVisible = 0;
			defaultConfigurationName = Release;
		};
/* End XCConfigurationList section */

/* Begin XCRemoteSwiftPackageReference section */
		2C115ABB29506570008B1FA6 /* XCRemoteSwiftPackageReference "SnapKit" */ = {
			isa = XCRemoteSwiftPackageReference;
			repositoryURL = "https://github.com/SnapKit/SnapKit.git";
			requirement = {
				kind = upToNextMajorVersion;
				minimumVersion = 5.0.0;
			};
		};
		2C115AC129506656008B1FA6 /* XCRemoteSwiftPackageReference "SDWebImage" */ = {
			isa = XCRemoteSwiftPackageReference;
			repositoryURL = "https://github.com/SDWebImage/SDWebImage.git";
			requirement = {
				kind = upToNextMajorVersion;
				minimumVersion = 5.0.0;
			};
		};
/* End XCRemoteSwiftPackageReference section */

/* Begin XCSwiftPackageProductDependency section */
		2C115ABC29506570008B1FA6 /* SnapKit */ = {
			isa = XCSwiftPackageProductDependency;
			package = 2C115ABB29506570008B1FA6 /* XCRemoteSwiftPackageReference "SnapKit" */;
			productName = SnapKit;
		};
		2C115AC229506656008B1FA6 /* SDWebImage */ = {
			isa = XCSwiftPackageProductDependency;
			package = 2C115AC129506656008B1FA6 /* XCRemoteSwiftPackageReference "SDWebImage" */;
			productName = SDWebImage;
		};
/* End XCSwiftPackageProductDependency section */
	};
	rootObject = 2C16FE21293E647100FF5BA4 /* Project object */;
}
