// !$*UTF8*$!
{
	archiveVersion = 1;
	classes = {
	};
	objectVersion = 56;
	objects = {

/* Begin PBXBuildFile section */
		2C16FE2D293E647100FF5BA4 /* AppDelegate.swift in Sources */ = {isa = PBXBuildFile; fileRef = 2C16FE2C293E647100FF5BA4 /* AppDelegate.swift */; };
		2C16FE2F293E647100FF5BA4 /* SceneDelegate.swift in Sources */ = {isa = PBXBuildFile; fileRef = 2C16FE2E293E647100FF5BA4 /* SceneDelegate.swift */; };
		2C16FE36293E647200FF5BA4 /* Assets.xcassets in Resources */ = {isa = PBXBuildFile; fileRef = 2C16FE35293E647200FF5BA4 /* Assets.xcassets */; };
		2C16FE39293E647200FF5BA4 /* LaunchScreen.storyboard in Resources */ = {isa = PBXBuildFile; fileRef = 2C16FE37293E647200FF5BA4 /* LaunchScreen.storyboard */; };
		2C16FE42293E654C00FF5BA4 /* SnapKit in Frameworks */ = {isa = PBXBuildFile; productRef = 2C16FE41293E654C00FF5BA4 /* SnapKit */; };
		2C16FE4E293E66D200FF5BA4 /* AppRouter.swift in Sources */ = {isa = PBXBuildFile; fileRef = 2C16FE4D293E66D200FF5BA4 /* AppRouter.swift */; };
		2C16FE50293E66D900FF5BA4 /* AppContainer.swift in Sources */ = {isa = PBXBuildFile; fileRef = 2C16FE4F293E66D900FF5BA4 /* AppContainer.swift */; };
		2C16FE52293E670A00FF5BA4 /* Constants.swift in Sources */ = {isa = PBXBuildFile; fileRef = 2C16FE51293E670A00FF5BA4 /* Constants.swift */; };
		2C16FE55293E676B00FF5BA4 /* HomeViewController.swift in Sources */ = {isa = PBXBuildFile; fileRef = 2C16FE54293E676B00FF5BA4 /* HomeViewController.swift */; };
		2C16FE57293E677400FF5BA4 /* DetailViewController.swift in Sources */ = {isa = PBXBuildFile; fileRef = 2C16FE56293E677400FF5BA4 /* DetailViewController.swift */; };
		2C16FE59293E677B00FF5BA4 /* FavoritesViewController.swift in Sources */ = {isa = PBXBuildFile; fileRef = 2C16FE58293E677B00FF5BA4 /* FavoritesViewController.swift */; };
		2C16FE5C293E686500FF5BA4 /* SearchViewController.swift in Sources */ = {isa = PBXBuildFile; fileRef = 2C16FE5B293E686500FF5BA4 /* SearchViewController.swift */; };
/* End PBXBuildFile section */

/* Begin PBXFileReference section */
		2C16FE29293E647100FF5BA4 /* NewsDaily.app */ = {isa = PBXFileReference; explicitFileType = wrapper.application; includeInIndex = 0; path = NewsDaily.app; sourceTree = BUILT_PRODUCTS_DIR; };
		2C16FE2C293E647100FF5BA4 /* AppDelegate.swift */ = {isa = PBXFileReference; lastKnownFileType = sourcecode.swift; path = AppDelegate.swift; sourceTree = "<group>"; };
		2C16FE2E293E647100FF5BA4 /* SceneDelegate.swift */ = {isa = PBXFileReference; lastKnownFileType = sourcecode.swift; path = SceneDelegate.swift; sourceTree = "<group>"; };
		2C16FE35293E647200FF5BA4 /* Assets.xcassets */ = {isa = PBXFileReference; lastKnownFileType = folder.assetcatalog; path = Assets.xcassets; sourceTree = "<group>"; };
		2C16FE38293E647200FF5BA4 /* Base */ = {isa = PBXFileReference; lastKnownFileType = file.storyboard; name = Base; path = Base.lproj/LaunchScreen.storyboard; sourceTree = "<group>"; };
		2C16FE3A293E647200FF5BA4 /* Info.plist */ = {isa = PBXFileReference; lastKnownFileType = text.plist.xml; path = Info.plist; sourceTree = "<group>"; };
		2C16FE4D293E66D200FF5BA4 /* AppRouter.swift */ = {isa = PBXFileReference; lastKnownFileType = sourcecode.swift; path = AppRouter.swift; sourceTree = "<group>"; };
		2C16FE4F293E66D900FF5BA4 /* AppContainer.swift */ = {isa = PBXFileReference; lastKnownFileType = sourcecode.swift; path = AppContainer.swift; sourceTree = "<group>"; };
		2C16FE51293E670A00FF5BA4 /* Constants.swift */ = {isa = PBXFileReference; lastKnownFileType = sourcecode.swift; path = Constants.swift; sourceTree = "<group>"; };
		2C16FE54293E676B00FF5BA4 /* HomeViewController.swift */ = {isa = PBXFileReference; lastKnownFileType = sourcecode.swift; path = HomeViewController.swift; sourceTree = "<group>"; };
		2C16FE56293E677400FF5BA4 /* DetailViewController.swift */ = {isa = PBXFileReference; lastKnownFileType = sourcecode.swift; path = DetailViewController.swift; sourceTree = "<group>"; };
		2C16FE58293E677B00FF5BA4 /* FavoritesViewController.swift */ = {isa = PBXFileReference; lastKnownFileType = sourcecode.swift; path = FavoritesViewController.swift; sourceTree = "<group>"; };
		2C16FE5B293E686500FF5BA4 /* SearchViewController.swift */ = {isa = PBXFileReference; lastKnownFileType = sourcecode.swift; path = SearchViewController.swift; sourceTree = "<group>"; };
/* End PBXFileReference section */

/* Begin PBXFrameworksBuildPhase section */
		2C16FE26293E647100FF5BA4 /* Frameworks */ = {
			isa = PBXFrameworksBuildPhase;
			buildActionMask = 2147483647;
			files = (
				2C16FE42293E654C00FF5BA4 /* SnapKit in Frameworks */,
			);
			runOnlyForDeploymentPostprocessing = 0;
		};
/* End PBXFrameworksBuildPhase section */

/* Begin PBXGroup section */
		2C16FE20293E647100FF5BA4 = {
			isa = PBXGroup;
			children = (
				2C16FE2B293E647100FF5BA4 /* NewsDaily */,
				2C16FE2A293E647100FF5BA4 /* Products */,
			);
			sourceTree = "<group>";
		};
		2C16FE2A293E647100FF5BA4 /* Products */ = {
			isa = PBXGroup;
			children = (
				2C16FE29293E647100FF5BA4 /* NewsDaily.app */,
			);
			name = Products;
			sourceTree = "<group>";
		};
		2C16FE2B293E647100FF5BA4 /* NewsDaily */ = {
			isa = PBXGroup;
			children = (
				2C16FE4C293E66CA00FF5BA4 /* App */,
				2C16FE49293E66A300FF5BA4 /* Helper */,
				2C16FE48293E669E00FF5BA4 /* Extensions */,
				2C16FE47293E669900FF5BA4 /* Networking */,
				2C16FE45293E65D400FF5BA4 /* Model */,
				2C16FE46293E65D700FF5BA4 /* Custom Views */,
				2C16FE44293E65D000FF5BA4 /* Scenes */,
				2C16FE43293E65C900FF5BA4 /* Core */,
				2C16FE3A293E647200FF5BA4 /* Info.plist */,
			);
			path = NewsDaily;
			sourceTree = "<group>";
		};
		2C16FE43293E65C900FF5BA4 /* Core */ = {
			isa = PBXGroup;
			children = (
				2C16FE2C293E647100FF5BA4 /* AppDelegate.swift */,
				2C16FE2E293E647100FF5BA4 /* SceneDelegate.swift */,
				2C16FE35293E647200FF5BA4 /* Assets.xcassets */,
				2C16FE37293E647200FF5BA4 /* LaunchScreen.storyboard */,
			);
			path = Core;
			sourceTree = "<group>";
		};
		2C16FE44293E65D000FF5BA4 /* Scenes */ = {
			isa = PBXGroup;
			children = (
				2C16FE4A293E66AC00FF5BA4 /* Home */,
				2C16FE5A293E685100FF5BA4 /* Search */,
				2C16FE53293E673800FF5BA4 /* Favorites */,
			);
			path = Scenes;
			sourceTree = "<group>";
		};
		2C16FE45293E65D400FF5BA4 /* Model */ = {
			isa = PBXGroup;
			children = (
			);
			path = Model;
			sourceTree = "<group>";
		};
		2C16FE46293E65D700FF5BA4 /* Custom Views */ = {
			isa = PBXGroup;
			children = (
			);
			path = "Custom Views";
			sourceTree = "<group>";
		};
		2C16FE47293E669900FF5BA4 /* Networking */ = {
			isa = PBXGroup;
			children = (
			);
			path = Networking;
			sourceTree = "<group>";
		};
		2C16FE48293E669E00FF5BA4 /* Extensions */ = {
			isa = PBXGroup;
			children = (
			);
			path = Extensions;
			sourceTree = "<group>";
		};
		2C16FE49293E66A300FF5BA4 /* Helper */ = {
			isa = PBXGroup;
			children = (
				2C16FE51293E670A00FF5BA4 /* Constants.swift */,
			);
			path = Helper;
			sourceTree = "<group>";
		};
		2C16FE4A293E66AC00FF5BA4 /* Home */ = {
			isa = PBXGroup;
			children = (
				2C16FE54293E676B00FF5BA4 /* HomeViewController.swift */,
				2C16FE4B293E66B500FF5BA4 /* Detail */,
			);
			path = Home;
			sourceTree = "<group>";
		};
		2C16FE4B293E66B500FF5BA4 /* Detail */ = {
			isa = PBXGroup;
			children = (
				2C16FE56293E677400FF5BA4 /* DetailViewController.swift */,
			);
			path = Detail;
			sourceTree = "<group>";
		};
		2C16FE4C293E66CA00FF5BA4 /* App */ = {
			isa = PBXGroup;
			children = (
				2C16FE4D293E66D200FF5BA4 /* AppRouter.swift */,
				2C16FE4F293E66D900FF5BA4 /* AppContainer.swift */,
			);
			path = App;
			sourceTree = "<group>";
		};
		2C16FE53293E673800FF5BA4 /* Favorites */ = {
			isa = PBXGroup;
			children = (
				2C16FE58293E677B00FF5BA4 /* FavoritesViewController.swift */,
			);
			path = Favorites;
			sourceTree = "<group>";
		};
		2C16FE5A293E685100FF5BA4 /* Search */ = {
			isa = PBXGroup;
			children = (
				2C16FE5B293E686500FF5BA4 /* SearchViewController.swift */,
			);
			path = Search;
			sourceTree = "<group>";
		};
/* End PBXGroup section */

/* Begin PBXNativeTarget section */
		2C16FE28293E647100FF5BA4 /* NewsDaily */ = {
			isa = PBXNativeTarget;
			buildConfigurationList = 2C16FE3D293E647200FF5BA4 /* Build configuration list for PBXNativeTarget "NewsDaily" */;
			buildPhases = (
				2C16FE25293E647100FF5BA4 /* Sources */,
				2C16FE26293E647100FF5BA4 /* Frameworks */,
				2C16FE27293E647100FF5BA4 /* Resources */,
			);
			buildRules = (
			);
			dependencies = (
			);
			name = NewsDaily;
			packageProductDependencies = (
				2C16FE41293E654C00FF5BA4 /* SnapKit */,
			);
			productName = NewsDaily;
			productReference = 2C16FE29293E647100FF5BA4 /* NewsDaily.app */;
			productType = "com.apple.product-type.application";
		};
/* End PBXNativeTarget section */

/* Begin PBXProject section */
		2C16FE21293E647100FF5BA4 /* Project object */ = {
			isa = PBXProject;
			attributes = {
				BuildIndependentTargetsInParallel = 1;
				LastSwiftUpdateCheck = 1410;
				LastUpgradeCheck = 1410;
				TargetAttributes = {
					2C16FE28293E647100FF5BA4 = {
						CreatedOnToolsVersion = 14.1;
					};
				};
			};
			buildConfigurationList = 2C16FE24293E647100FF5BA4 /* Build configuration list for PBXProject "NewsDaily" */;
			compatibilityVersion = "Xcode 14.0";
			developmentRegion = en;
			hasScannedForEncodings = 0;
			knownRegions = (
				en,
				Base,
			);
			mainGroup = 2C16FE20293E647100FF5BA4;
			packageReferences = (
				2C16FE40293E654C00FF5BA4 /* XCRemoteSwiftPackageReference "SnapKit" */,
			);
			productRefGroup = 2C16FE2A293E647100FF5BA4 /* Products */;
			projectDirPath = "";
			projectRoot = "";
			targets = (
				2C16FE28293E647100FF5BA4 /* NewsDaily */,
			);
		};
/* End PBXProject section */

/* Begin PBXResourcesBuildPhase section */
		2C16FE27293E647100FF5BA4 /* Resources */ = {
			isa = PBXResourcesBuildPhase;
			buildActionMask = 2147483647;
			files = (
				2C16FE39293E647200FF5BA4 /* LaunchScreen.storyboard in Resources */,
				2C16FE36293E647200FF5BA4 /* Assets.xcassets in Resources */,
			);
			runOnlyForDeploymentPostprocessing = 0;
		};
/* End PBXResourcesBuildPhase section */

/* Begin PBXSourcesBuildPhase section */
		2C16FE25293E647100FF5BA4 /* Sources */ = {
			isa = PBXSourcesBuildPhase;
			buildActionMask = 2147483647;
			files = (
				2C16FE52293E670A00FF5BA4 /* Constants.swift in Sources */,
				2C16FE2D293E647100FF5BA4 /* AppDelegate.swift in Sources */,
				2C16FE59293E677B00FF5BA4 /* FavoritesViewController.swift in Sources */,
				2C16FE5C293E686500FF5BA4 /* SearchViewController.swift in Sources */,
				2C16FE50293E66D900FF5BA4 /* AppContainer.swift in Sources */,
				2C16FE2F293E647100FF5BA4 /* SceneDelegate.swift in Sources */,
				2C16FE4E293E66D200FF5BA4 /* AppRouter.swift in Sources */,
				2C16FE55293E676B00FF5BA4 /* HomeViewController.swift in Sources */,
				2C16FE57293E677400FF5BA4 /* DetailViewController.swift in Sources */,
			);
			runOnlyForDeploymentPostprocessing = 0;
		};
/* End PBXSourcesBuildPhase section */

/* Begin PBXVariantGroup section */
		2C16FE37293E647200FF5BA4 /* LaunchScreen.storyboard */ = {
			isa = PBXVariantGroup;
			children = (
				2C16FE38293E647200FF5BA4 /* Base */,
			);
			name = LaunchScreen.storyboard;
			sourceTree = "<group>";
		};
/* End PBXVariantGroup section */

/* Begin XCBuildConfiguration section */
		2C16FE3B293E647200FF5BA4 /* Debug */ = {
			isa = XCBuildConfiguration;
			buildSettings = {
				ALWAYS_SEARCH_USER_PATHS = NO;
				CLANG_ANALYZER_NONNULL = YES;
				CLANG_ANALYZER_NUMBER_OBJECT_CONVERSION = YES_AGGRESSIVE;
				CLANG_CXX_LANGUAGE_STANDARD = "gnu++20";
				CLANG_ENABLE_MODULES = YES;
				CLANG_ENABLE_OBJC_ARC = YES;
				CLANG_ENABLE_OBJC_WEAK = YES;
				CLANG_WARN_BLOCK_CAPTURE_AUTORELEASING = YES;
				CLANG_WARN_BOOL_CONVERSION = YES;
				CLANG_WARN_COMMA = YES;
				CLANG_WARN_CONSTANT_CONVERSION = YES;
				CLANG_WARN_DEPRECATED_OBJC_IMPLEMENTATIONS = YES;
				CLANG_WARN_DIRECT_OBJC_ISA_USAGE = YES_ERROR;
				CLANG_WARN_DOCUMENTATION_COMMENTS = YES;
				CLANG_WARN_EMPTY_BODY = YES;
				CLANG_WARN_ENUM_CONVERSION = YES;
				CLANG_WARN_INFINITE_RECURSION = YES;
				CLANG_WARN_INT_CONVERSION = YES;
				CLANG_WARN_NON_LITERAL_NULL_CONVERSION = YES;
				CLANG_WARN_OBJC_IMPLICIT_RETAIN_SELF = YES;
				CLANG_WARN_OBJC_LITERAL_CONVERSION = YES;
				CLANG_WARN_OBJC_ROOT_CLASS = YES_ERROR;
				CLANG_WARN_QUOTED_INCLUDE_IN_FRAMEWORK_HEADER = YES;
				CLANG_WARN_RANGE_LOOP_ANALYSIS = YES;
				CLANG_WARN_STRICT_PROTOTYPES = YES;
				CLANG_WARN_SUSPICIOUS_MOVE = YES;
				CLANG_WARN_UNGUARDED_AVAILABILITY = YES_AGGRESSIVE;
				CLANG_WARN_UNREACHABLE_CODE = YES;
				CLANG_WARN__DUPLICATE_METHOD_MATCH = YES;
				COPY_PHASE_STRIP = NO;
				DEBUG_INFORMATION_FORMAT = dwarf;
				ENABLE_STRICT_OBJC_MSGSEND = YES;
				ENABLE_TESTABILITY = YES;
				GCC_C_LANGUAGE_STANDARD = gnu11;
				GCC_DYNAMIC_NO_PIC = NO;
				GCC_NO_COMMON_BLOCKS = YES;
				GCC_OPTIMIZATION_LEVEL = 0;
				GCC_PREPROCESSOR_DEFINITIONS = (
					"DEBUG=1",
					"$(inherited)",
				);
				GCC_WARN_64_TO_32_BIT_CONVERSION = YES;
				GCC_WARN_ABOUT_RETURN_TYPE = YES_ERROR;
				GCC_WARN_UNDECLARED_SELECTOR = YES;
				GCC_WARN_UNINITIALIZED_AUTOS = YES_AGGRESSIVE;
				GCC_WARN_UNUSED_FUNCTION = YES;
				GCC_WARN_UNUSED_VARIABLE = YES;
				IPHONEOS_DEPLOYMENT_TARGET = 16.1;
				MTL_ENABLE_DEBUG_INFO = INCLUDE_SOURCE;
				MTL_FAST_MATH = YES;
				ONLY_ACTIVE_ARCH = YES;
				SDKROOT = iphoneos;
				SWIFT_ACTIVE_COMPILATION_CONDITIONS = DEBUG;
				SWIFT_OPTIMIZATION_LEVEL = "-Onone";
			};
			name = Debug;
		};
		2C16FE3C293E647200FF5BA4 /* Release */ = {
			isa = XCBuildConfiguration;
			buildSettings = {
				ALWAYS_SEARCH_USER_PATHS = NO;
				CLANG_ANALYZER_NONNULL = YES;
				CLANG_ANALYZER_NUMBER_OBJECT_CONVERSION = YES_AGGRESSIVE;
				CLANG_CXX_LANGUAGE_STANDARD = "gnu++20";
				CLANG_ENABLE_MODULES = YES;
				CLANG_ENABLE_OBJC_ARC = YES;
				CLANG_ENABLE_OBJC_WEAK = YES;
				CLANG_WARN_BLOCK_CAPTURE_AUTORELEASING = YES;
				CLANG_WARN_BOOL_CONVERSION = YES;
				CLANG_WARN_COMMA = YES;
				CLANG_WARN_CONSTANT_CONVERSION = YES;
				CLANG_WARN_DEPRECATED_OBJC_IMPLEMENTATIONS = YES;
				CLANG_WARN_DIRECT_OBJC_ISA_USAGE = YES_ERROR;
				CLANG_WARN_DOCUMENTATION_COMMENTS = YES;
				CLANG_WARN_EMPTY_BODY = YES;
				CLANG_WARN_ENUM_CONVERSION = YES;
				CLANG_WARN_INFINITE_RECURSION = YES;
				CLANG_WARN_INT_CONVERSION = YES;
				CLANG_WARN_NON_LITERAL_NULL_CONVERSION = YES;
				CLANG_WARN_OBJC_IMPLICIT_RETAIN_SELF = YES;
				CLANG_WARN_OBJC_LITERAL_CONVERSION = YES;
				CLANG_WARN_OBJC_ROOT_CLASS = YES_ERROR;
				CLANG_WARN_QUOTED_INCLUDE_IN_FRAMEWORK_HEADER = YES;
				CLANG_WARN_RANGE_LOOP_ANALYSIS = YES;
				CLANG_WARN_STRICT_PROTOTYPES = YES;
				CLANG_WARN_SUSPICIOUS_MOVE = YES;
				CLANG_WARN_UNGUARDED_AVAILABILITY = YES_AGGRESSIVE;
				CLANG_WARN_UNREACHABLE_CODE = YES;
				CLANG_WARN__DUPLICATE_METHOD_MATCH = YES;
				COPY_PHASE_STRIP = NO;
				DEBUG_INFORMATION_FORMAT = "dwarf-with-dsym";
				ENABLE_NS_ASSERTIONS = NO;
				ENABLE_STRICT_OBJC_MSGSEND = YES;
				GCC_C_LANGUAGE_STANDARD = gnu11;
				GCC_NO_COMMON_BLOCKS = YES;
				GCC_WARN_64_TO_32_BIT_CONVERSION = YES;
				GCC_WARN_ABOUT_RETURN_TYPE = YES_ERROR;
				GCC_WARN_UNDECLARED_SELECTOR = YES;
				GCC_WARN_UNINITIALIZED_AUTOS = YES_AGGRESSIVE;
				GCC_WARN_UNUSED_FUNCTION = YES;
				GCC_WARN_UNUSED_VARIABLE = YES;
				IPHONEOS_DEPLOYMENT_TARGET = 16.1;
				MTL_ENABLE_DEBUG_INFO = NO;
				MTL_FAST_MATH = YES;
				SDKROOT = iphoneos;
				SWIFT_COMPILATION_MODE = wholemodule;
				SWIFT_OPTIMIZATION_LEVEL = "-O";
				VALIDATE_PRODUCT = YES;
			};
			name = Release;
		};
		2C16FE3E293E647200FF5BA4 /* Debug */ = {
			isa = XCBuildConfiguration;
			buildSettings = {
				ASSETCATALOG_COMPILER_APPICON_NAME = AppIcon;
				ASSETCATALOG_COMPILER_GLOBAL_ACCENT_COLOR_NAME = AccentColor;
				CODE_SIGN_STYLE = Automatic;
				CURRENT_PROJECT_VERSION = 1;
				DEVELOPMENT_TEAM = 49Z33V7QZW;
				GENERATE_INFOPLIST_FILE = YES;
				INFOPLIST_FILE = NewsDaily/Info.plist;
				INFOPLIST_KEY_CFBundleDisplayName = "News Daily";
				INFOPLIST_KEY_UIApplicationSupportsIndirectInputEvents = YES;
				INFOPLIST_KEY_UILaunchStoryboardName = LaunchScreen;
				INFOPLIST_KEY_UIMainStoryboardFile = "";
				INFOPLIST_KEY_UISupportedInterfaceOrientations = UIInterfaceOrientationPortrait;
				INFOPLIST_KEY_UISupportedInterfaceOrientations_iPad = "UIInterfaceOrientationLandscapeLeft UIInterfaceOrientationLandscapeRight UIInterfaceOrientationPortrait UIInterfaceOrientationPortraitUpsideDown";
				IPHONEOS_DEPLOYMENT_TARGET = 13.0;
				LD_RUNPATH_SEARCH_PATHS = (
					"$(inherited)",
					"@executable_path/Frameworks",
				);
				MARKETING_VERSION = 1.0;
				PRODUCT_BUNDLE_IDENTIFIER = com.sameddagl.NewsDaily;
				PRODUCT_NAME = "$(TARGET_NAME)";
				SUPPORTED_PLATFORMS = "iphoneos iphonesimulator";
				SUPPORTS_MACCATALYST = NO;
				SUPPORTS_MAC_DESIGNED_FOR_IPHONE_IPAD = NO;
				SWIFT_EMIT_LOC_STRINGS = YES;
				SWIFT_VERSION = 5.0;
				TARGETED_DEVICE_FAMILY = 1;
			};
			name = Debug;
		};
		2C16FE3F293E647200FF5BA4 /* Release */ = {
			isa = XCBuildConfiguration;
			buildSettings = {
				ASSETCATALOG_COMPILER_APPICON_NAME = AppIcon;
				ASSETCATALOG_COMPILER_GLOBAL_ACCENT_COLOR_NAME = AccentColor;
				CODE_SIGN_STYLE = Automatic;
				CURRENT_PROJECT_VERSION = 1;
				DEVELOPMENT_TEAM = 49Z33V7QZW;
				GENERATE_INFOPLIST_FILE = YES;
				INFOPLIST_FILE = NewsDaily/Info.plist;
				INFOPLIST_KEY_CFBundleDisplayName = "News Daily";
				INFOPLIST_KEY_UIApplicationSupportsIndirectInputEvents = YES;
				INFOPLIST_KEY_UILaunchStoryboardName = LaunchScreen;
				INFOPLIST_KEY_UIMainStoryboardFile = "";
				INFOPLIST_KEY_UISupportedInterfaceOrientations = UIInterfaceOrientationPortrait;
				INFOPLIST_KEY_UISupportedInterfaceOrientations_iPad = "UIInterfaceOrientationLandscapeLeft UIInterfaceOrientationLandscapeRight UIInterfaceOrientationPortrait UIInterfaceOrientationPortraitUpsideDown";
				IPHONEOS_DEPLOYMENT_TARGET = 13.0;
				LD_RUNPATH_SEARCH_PATHS = (
					"$(inherited)",
					"@executable_path/Frameworks",
				);
				MARKETING_VERSION = 1.0;
				PRODUCT_BUNDLE_IDENTIFIER = com.sameddagl.NewsDaily;
				PRODUCT_NAME = "$(TARGET_NAME)";
				SUPPORTED_PLATFORMS = "iphoneos iphonesimulator";
				SUPPORTS_MACCATALYST = NO;
				SUPPORTS_MAC_DESIGNED_FOR_IPHONE_IPAD = NO;
				SWIFT_EMIT_LOC_STRINGS = YES;
				SWIFT_VERSION = 5.0;
				TARGETED_DEVICE_FAMILY = 1;
			};
			name = Release;
		};
/* End XCBuildConfiguration section */

/* Begin XCConfigurationList section */
		2C16FE24293E647100FF5BA4 /* Build configuration list for PBXProject "NewsDaily" */ = {
			isa = XCConfigurationList;
			buildConfigurations = (
				2C16FE3B293E647200FF5BA4 /* Debug */,
				2C16FE3C293E647200FF5BA4 /* Release */,
			);
			defaultConfigurationIsVisible = 0;
			defaultConfigurationName = Release;
		};
		2C16FE3D293E647200FF5BA4 /* Build configuration list for PBXNativeTarget "NewsDaily" */ = {
			isa = XCConfigurationList;
			buildConfigurations = (
				2C16FE3E293E647200FF5BA4 /* Debug */,
				2C16FE3F293E647200FF5BA4 /* Release */,
			);
			defaultConfigurationIsVisible = 0;
			defaultConfigurationName = Release;
		};
/* End XCConfigurationList section */

/* Begin XCRemoteSwiftPackageReference section */
		2C16FE40293E654C00FF5BA4 /* XCRemoteSwiftPackageReference "SnapKit" */ = {
			isa = XCRemoteSwiftPackageReference;
			repositoryURL = "https://github.com/SnapKit/SnapKit.git";
			requirement = {
				kind = upToNextMajorVersion;
				minimumVersion = 5.0.0;
			};
		};
/* End XCRemoteSwiftPackageReference section */

/* Begin XCSwiftPackageProductDependency section */
		2C16FE41293E654C00FF5BA4 /* SnapKit */ = {
			isa = XCSwiftPackageProductDependency;
			package = 2C16FE40293E654C00FF5BA4 /* XCRemoteSwiftPackageReference "SnapKit" */;
			productName = SnapKit;
		};
/* End XCSwiftPackageProductDependency section */
	};
	rootObject = 2C16FE21293E647100FF5BA4 /* Project object */;
}
